schema: '2.0'
stages:
  preprocess:
    cmd: poetry run python -m purchase_intent.pipeline.preprocess
    deps:
    - path: data/raw/online_shoppers_intention.csv
      hash: md5
      md5: cc6ec1db03b4f10f8de52c56ff48b085
      size: 1072063
    - path: src/purchase_intent/data/loader.py
      hash: md5
      md5: 775c3174f7a273a50222edd30232b996
      size: 205
    - path: src/purchase_intent/features/preprocessing.py
      hash: md5
      md5: acd5cdb33c14b0567a17bdcc065c9529
      size: 927
    - path: src/purchase_intent/pipeline/preprocess.py
      hash: md5
      md5: 6a19fa5785217713e0450a245f5bcbc5
      size: 1919
    outs:
    - path: data/processed/features.csv
      hash: md5
      md5: 621d72683a997b24118635a21dafccd8
      size: 5724741
    - path: models/preprocessor.joblib
      hash: md5
      md5: 93a346049da972175d71f4f04124a8a0
      size: 4394
  train:
    cmd: poetry run python -m purchase_intent.pipeline.train
    deps:
    - path: data/processed/features.csv
      hash: md5
      md5: 621d72683a997b24118635a21dafccd8
      size: 5724741
    - path: src/purchase_intent/pipeline/train.py
      hash: md5
      md5: a168c39341613fa0496da98991639976
      size: 3170
    params:
      configs/params.yaml:
        train:
          test_size: 0.2
          random_state: 42
          n_estimators: 200
          max_depth: 10
    outs:
    - path: metrics.json
      hash: md5
      md5: 5a36179902dca24f4ab74a87cd6eb498
      size: 169
    - path: models/model.joblib
      hash: md5
      md5: 9385ca5fe8b9d2e86d800e909d9f73dc
      size: 8298281
